
Microsoft Visual Studio Solution File, Format Version 12.00
# Visual Studio Version 17
VisualStudioVersion = 17.13.35828.75 d17.13
MinimumVisualStudioVersion = 10.0.40219.1
Project("{FAE04EC0-301F-11D3-BF4B-00C04F79EFBC}") = "SimulaServidor", "SimulaServidor\SimulaServidor.csproj", "{76F5942F-6090-459F-972C-DFBB51782B49}"
EndProject
Project("{FAE04EC0-301F-11D3-BF4B-00C04F79EFBC}") = "SimulaMultiplesColas", "SimulaMultiplesColas\SimulaMultiplesColas.csproj", "{7E5A79A9-33BF-44A4-9EBB-874774D87B89}"
EndProject
Global
	GlobalSection(SolutionConfigurationPlatforms) = preSolution
		Debug|Any CPU = Debug|Any CPU
		Release|Any CPU = Release|Any CPU
	EndGlobalSection
	GlobalSection(ProjectConfigurationPlatforms) = postSolution
		{76F5942F-6090-459F-972C-DFBB51782B49}.Debug|Any CPU.ActiveCfg = Debug|Any CPU
		{76F5942F-6090-459F-972C-DFBB51782B49}.Debug|Any CPU.Build.0 = Debug|Any CPU
		{76F5942F-6090-459F-972C-DFBB51782B49}.Release|Any CPU.ActiveCfg = Release|Any CPU
		{76F5942F-6090-459F-972C-DFBB51782B49}.Release|Any CPU.Build.0 = Release|Any CPU
		{7E5A79A9-33BF-44A4-9EBB-874774D87B89}.Debug|Any CPU.ActiveCfg = Debug|Any CPU
		{7E5A79A9-33BF-44A4-9EBB-874774D87B89}.Debug|Any CPU.Build.0 = Debug|Any CPU
		{7E5A79A9-33BF-44A4-9EBB-874774D87B89}.Release|Any CPU.ActiveCfg = Release|Any CPU
		{7E5A79A9-33BF-44A4-9EBB-874774D87B89}.Release|Any CPU.Build.0 = Release|Any CPU
	EndGlobalSection
	GlobalSection(SolutionProperties) = preSolution
		HideSolutionNode = FALSE
	EndGlobalSection
	GlobalSection(ExtensibilityGlobals) = postSolution
		SolutionGuid = {3A9105C1-A961-4A3B-A618-AAA1955A3011}
	EndGlobalSection
EndGlobal
